
Microsoft Visual Studio Solution File, Format Version 12.00
# Visual Studio Version 17
VisualStudioVersion = 17.4.33205.214
MinimumVisualStudioVersion = 10.0.40219.1
Project("{FAE04EC0-301F-11D3-BF4B-00C04F79EFBC}") = "backend-app", "backend-app.csproj", "{7A05BA8A-5606-4CFF-A9E0-D71FB956714C}"
EndProject
Global
	GlobalSection(SolutionConfigurationPlatforms) = preSolution
		Debug|Any CPU = Debug|Any CPU
		Release|Any CPU = Release|Any CPU
	EndGlobalSection
	GlobalSection(ProjectConfigurationPlatforms) = postSolution
		{7A05BA8A-5606-4CFF-A9E0-D71FB956714C}.Debug|Any CPU.ActiveCfg = Debug|Any CPU
		{7A05BA8A-5606-4CFF-A9E0-D71FB956714C}.Debug|Any CPU.Build.0 = Debug|Any CPU
		{7A05BA8A-5606-4CFF-A9E0-D71FB956714C}.Release|Any CPU.ActiveCfg = Release|Any CPU
		{7A05BA8A-5606-4CFF-A9E0-D71FB956714C}.Release|Any CPU.Build.0 = Release|Any CPU
	EndGlobalSection
	GlobalSection(SolutionProperties) = preSolution
		HideSolutionNode = FALSE
	EndGlobalSection
	GlobalSection(ExtensibilityGlobals) = postSolution
		SolutionGuid = {5A5148F0-B7AD-4872-8120-E0CE6671704D}
	EndGlobalSection
EndGlobal
